[ "aleppo": {:git, "https://github.com/ChicagoBoss/aleppo.git", "bef139e4c7546714d571f2a2341eca7a1da38d7e", [branch: "master"]},
  "cecho": {:git, "https://github.com/mazenharake/cecho.git", "2c1d9bdeceb606ddcda6663c71f6932ce2b92e57", [branch: "master"]},
  "quaff": {:git, "https://github.com/qhool/quaff.git", "2aafc33bfcc4de47eaa481bafcfb12e7a2013ee3", [branch: "master"]} ]
